// !$*UTF8*$!
{
	archiveVersion = 1;
	classes = {
	};
	objectVersion = 46;
	objects = {

/* Begin PBXBuildFile section */
		A609E73D1E33E45300E193DA /* Trigger.swift in Sources */ = {isa = PBXBuildFile; fileRef = A609E73C1E33E45300E193DA /* Trigger.swift */; };
		A609E7401E33E68E00E193DA /* TriggerViewController.swift in Sources */ = {isa = PBXBuildFile; fileRef = A609E73E1E33E68E00E193DA /* TriggerViewController.swift */; };
		A609E7411E33E68E00E193DA /* TriggerViewController.xib in Resources */ = {isa = PBXBuildFile; fileRef = A609E73F1E33E68E00E193DA /* TriggerViewController.xib */; };
		A662A9581E2AB9790039B5C4 /* AppDelegate.swift in Sources */ = {isa = PBXBuildFile; fileRef = A662A9571E2AB9790039B5C4 /* AppDelegate.swift */; };
		A662A95A1E2AB9790039B5C4 /* Assets.xcassets in Resources */ = {isa = PBXBuildFile; fileRef = A662A9591E2AB9790039B5C4 /* Assets.xcassets */; };
		A662A95D1E2AB9790039B5C4 /* MainMenu.xib in Resources */ = {isa = PBXBuildFile; fileRef = A662A95B1E2AB9790039B5C4 /* MainMenu.xib */; };
		A662A9681E2AB97A0039B5C4 /* XMR_TickerTests.swift in Sources */ = {isa = PBXBuildFile; fileRef = A662A9671E2AB97A0039B5C4 /* XMR_TickerTests.swift */; };
		A662A9731E2AB97A0039B5C4 /* XMR_TickerUITests.swift in Sources */ = {isa = PBXBuildFile; fileRef = A662A9721E2AB97A0039B5C4 /* XMR_TickerUITests.swift */; };
		A662A9821E2ACEA20039B5C4 /* Quote.swift in Sources */ = {isa = PBXBuildFile; fileRef = A662A9801E2ACEA20039B5C4 /* Quote.swift */; };
		A662A9831E2ACEA20039B5C4 /* PriceStreamer.swift in Sources */ = {isa = PBXBuildFile; fileRef = A662A9811E2ACEA20039B5C4 /* PriceStreamer.swift */; };
		A6FCA4831E2CAB6500F0E27B /* iconfile.icns in Resources */ = {isa = PBXBuildFile; fileRef = A6FCA4821E2CAB6500F0E27B /* iconfile.icns */; };
		A6FEEE4C1E2BB04E00A34716 /* TipViewController.swift in Sources */ = {isa = PBXBuildFile; fileRef = A6FEEE4A1E2BB04E00A34716 /* TipViewController.swift */; };
		A6FEEE4D1E2BB04E00A34716 /* TipViewController.xib in Resources */ = {isa = PBXBuildFile; fileRef = A6FEEE4B1E2BB04E00A34716 /* TipViewController.xib */; };
/* End PBXBuildFile section */

/* Begin PBXContainerItemProxy section */
		A662A9641E2AB97A0039B5C4 /* PBXContainerItemProxy */ = {
			isa = PBXContainerItemProxy;
			containerPortal = A662A94C1E2AB9790039B5C4 /* Project object */;
			proxyType = 1;
			remoteGlobalIDString = A662A9531E2AB9790039B5C4;
			remoteInfo = "XMR Ticker";
		};
		A662A96F1E2AB97A0039B5C4 /* PBXContainerItemProxy */ = {
			isa = PBXContainerItemProxy;
			containerPortal = A662A94C1E2AB9790039B5C4 /* Project object */;
			proxyType = 1;
			remoteGlobalIDString = A662A9531E2AB9790039B5C4;
			remoteInfo = "XMR Ticker";
		};
/* End PBXContainerItemProxy section */

/* Begin PBXFileReference section */
		A609E73C1E33E45300E193DA /* Trigger.swift */ = {isa = PBXFileReference; fileEncoding = 4; lastKnownFileType = sourcecode.swift; path = Trigger.swift; sourceTree = "<group>"; };
		A609E73E1E33E68E00E193DA /* TriggerViewController.swift */ = {isa = PBXFileReference; fileEncoding = 4; lastKnownFileType = sourcecode.swift; path = TriggerViewController.swift; sourceTree = "<group>"; };
		A609E73F1E33E68E00E193DA /* TriggerViewController.xib */ = {isa = PBXFileReference; fileEncoding = 4; lastKnownFileType = file.xib; path = TriggerViewController.xib; sourceTree = "<group>"; };
		A662A9541E2AB9790039B5C4 /* XMR Ticker.app */ = {isa = PBXFileReference; explicitFileType = wrapper.application; includeInIndex = 0; path = "XMR Ticker.app"; sourceTree = BUILT_PRODUCTS_DIR; };
		A662A9571E2AB9790039B5C4 /* AppDelegate.swift */ = {isa = PBXFileReference; lastKnownFileType = sourcecode.swift; path = AppDelegate.swift; sourceTree = "<group>"; };
		A662A9591E2AB9790039B5C4 /* Assets.xcassets */ = {isa = PBXFileReference; lastKnownFileType = folder.assetcatalog; path = Assets.xcassets; sourceTree = "<group>"; };
		A662A95C1E2AB9790039B5C4 /* Base */ = {isa = PBXFileReference; lastKnownFileType = file.xib; name = Base; path = Base.lproj/MainMenu.xib; sourceTree = "<group>"; };
		A662A95E1E2AB9790039B5C4 /* Info.plist */ = {isa = PBXFileReference; lastKnownFileType = text.plist.xml; path = Info.plist; sourceTree = "<group>"; };
		A662A9631E2AB97A0039B5C4 /* XMR TickerTests.xctest */ = {isa = PBXFileReference; explicitFileType = wrapper.cfbundle; includeInIndex = 0; path = "XMR TickerTests.xctest"; sourceTree = BUILT_PRODUCTS_DIR; };
		A662A9671E2AB97A0039B5C4 /* XMR_TickerTests.swift */ = {isa = PBXFileReference; lastKnownFileType = sourcecode.swift; path = XMR_TickerTests.swift; sourceTree = "<group>"; };
		A662A9691E2AB97A0039B5C4 /* Info.plist */ = {isa = PBXFileReference; lastKnownFileType = text.plist.xml; path = Info.plist; sourceTree = "<group>"; };
		A662A96E1E2AB97A0039B5C4 /* XMR TickerUITests.xctest */ = {isa = PBXFileReference; explicitFileType = wrapper.cfbundle; includeInIndex = 0; path = "XMR TickerUITests.xctest"; sourceTree = BUILT_PRODUCTS_DIR; };
		A662A9721E2AB97A0039B5C4 /* XMR_TickerUITests.swift */ = {isa = PBXFileReference; lastKnownFileType = sourcecode.swift; path = XMR_TickerUITests.swift; sourceTree = "<group>"; };
		A662A9741E2AB97A0039B5C4 /* Info.plist */ = {isa = PBXFileReference; lastKnownFileType = text.plist.xml; path = Info.plist; sourceTree = "<group>"; };
		A662A9801E2ACEA20039B5C4 /* Quote.swift */ = {isa = PBXFileReference; fileEncoding = 4; lastKnownFileType = sourcecode.swift; path = Quote.swift; sourceTree = "<group>"; };
		A662A9811E2ACEA20039B5C4 /* PriceStreamer.swift */ = {isa = PBXFileReference; fileEncoding = 4; lastKnownFileType = sourcecode.swift; path = PriceStreamer.swift; sourceTree = "<group>"; };
		A6FCA4821E2CAB6500F0E27B /* iconfile.icns */ = {isa = PBXFileReference; lastKnownFileType = image.icns; path = iconfile.icns; sourceTree = "<group>"; };
		A6FEEE4A1E2BB04E00A34716 /* TipViewController.swift */ = {isa = PBXFileReference; fileEncoding = 4; lastKnownFileType = sourcecode.swift; path = TipViewController.swift; sourceTree = "<group>"; };
		A6FEEE4B1E2BB04E00A34716 /* TipViewController.xib */ = {isa = PBXFileReference; fileEncoding = 4; lastKnownFileType = file.xib; path = TipViewController.xib; sourceTree = "<group>"; };
/* End PBXFileReference section */

/* Begin PBXFrameworksBuildPhase section */
		A662A9511E2AB9790039B5C4 /* Frameworks */ = {
			isa = PBXFrameworksBuildPhase;
			buildActionMask = 2147483647;
			files = (
			);
			runOnlyForDeploymentPostprocessing = 0;
		};
		A662A9601E2AB97A0039B5C4 /* Frameworks */ = {
			isa = PBXFrameworksBuildPhase;
			buildActionMask = 2147483647;
			files = (
			);
			runOnlyForDeploymentPostprocessing = 0;
		};
		A662A96B1E2AB97A0039B5C4 /* Frameworks */ = {
			isa = PBXFrameworksBuildPhase;
			buildActionMask = 2147483647;
			files = (
			);
			runOnlyForDeploymentPostprocessing = 0;
		};
/* End PBXFrameworksBuildPhase section */

/* Begin PBXGroup section */
		A662A94B1E2AB9790039B5C4 = {
			isa = PBXGroup;
			children = (
				A662A9561E2AB9790039B5C4 /* XMR Ticker */,
				A662A9661E2AB97A0039B5C4 /* XMR TickerTests */,
				A662A9711E2AB97A0039B5C4 /* XMR TickerUITests */,
				A662A9551E2AB9790039B5C4 /* Products */,
			);
			sourceTree = "<group>";
		};
		A662A9551E2AB9790039B5C4 /* Products */ = {
			isa = PBXGroup;
			children = (
				A662A9541E2AB9790039B5C4 /* XMR Ticker.app */,
				A662A9631E2AB97A0039B5C4 /* XMR TickerTests.xctest */,
				A662A96E1E2AB97A0039B5C4 /* XMR TickerUITests.xctest */,
			);
			name = Products;
			sourceTree = "<group>";
		};
		A662A9561E2AB9790039B5C4 /* XMR Ticker */ = {
			isa = PBXGroup;
			children = (
				A662A9801E2ACEA20039B5C4 /* Quote.swift */,
				A609E73C1E33E45300E193DA /* Trigger.swift */,
				A662A9811E2ACEA20039B5C4 /* PriceStreamer.swift */,
				A662A9571E2AB9790039B5C4 /* AppDelegate.swift */,
				A6FEEE4A1E2BB04E00A34716 /* TipViewController.swift */,
				A609E73E1E33E68E00E193DA /* TriggerViewController.swift */,
				A662A95B1E2AB9790039B5C4 /* MainMenu.xib */,
				A6FEEE4B1E2BB04E00A34716 /* TipViewController.xib */,
				A609E73F1E33E68E00E193DA /* TriggerViewController.xib */,
				A6FCA4821E2CAB6500F0E27B /* iconfile.icns */,
				A662A95E1E2AB9790039B5C4 /* Info.plist */,
				A662A9591E2AB9790039B5C4 /* Assets.xcassets */,
			);
			path = "XMR Ticker";
			sourceTree = "<group>";
		};
		A662A9661E2AB97A0039B5C4 /* XMR TickerTests */ = {
			isa = PBXGroup;
			children = (
				A662A9671E2AB97A0039B5C4 /* XMR_TickerTests.swift */,
				A662A9691E2AB97A0039B5C4 /* Info.plist */,
			);
			path = "XMR TickerTests";
			sourceTree = "<group>";
		};
		A662A9711E2AB97A0039B5C4 /* XMR TickerUITests */ = {
			isa = PBXGroup;
			children = (
				A662A9721E2AB97A0039B5C4 /* XMR_TickerUITests.swift */,
				A662A9741E2AB97A0039B5C4 /* Info.plist */,
			);
			path = "XMR TickerUITests";
			sourceTree = "<group>";
		};
/* End PBXGroup section */

/* Begin PBXNativeTarget section */
		A662A9531E2AB9790039B5C4 /* XMR Ticker */ = {
			isa = PBXNativeTarget;
			buildConfigurationList = A662A9771E2AB97A0039B5C4 /* Build configuration list for PBXNativeTarget "XMR Ticker" */;
			buildPhases = (
				A662A9501E2AB9790039B5C4 /* Sources */,
				A662A9511E2AB9790039B5C4 /* Frameworks */,
				A662A9521E2AB9790039B5C4 /* Resources */,
			);
			buildRules = (
			);
			dependencies = (
			);
			name = "XMR Ticker";
			productName = "XMR Ticker";
			productReference = A662A9541E2AB9790039B5C4 /* XMR Ticker.app */;
			productType = "com.apple.product-type.application";
		};
		A662A9621E2AB97A0039B5C4 /* XMR TickerTests */ = {
			isa = PBXNativeTarget;
			buildConfigurationList = A662A97A1E2AB97A0039B5C4 /* Build configuration list for PBXNativeTarget "XMR TickerTests" */;
			buildPhases = (
				A662A95F1E2AB97A0039B5C4 /* Sources */,
				A662A9601E2AB97A0039B5C4 /* Frameworks */,
				A662A9611E2AB97A0039B5C4 /* Resources */,
			);
			buildRules = (
			);
			dependencies = (
				A662A9651E2AB97A0039B5C4 /* PBXTargetDependency */,
			);
			name = "XMR TickerTests";
			productName = "XMR TickerTests";
			productReference = A662A9631E2AB97A0039B5C4 /* XMR TickerTests.xctest */;
			productType = "com.apple.product-type.bundle.unit-test";
		};
		A662A96D1E2AB97A0039B5C4 /* XMR TickerUITests */ = {
			isa = PBXNativeTarget;
			buildConfigurationList = A662A97D1E2AB97A0039B5C4 /* Build configuration list for PBXNativeTarget "XMR TickerUITests" */;
			buildPhases = (
				A662A96A1E2AB97A0039B5C4 /* Sources */,
				A662A96B1E2AB97A0039B5C4 /* Frameworks */,
				A662A96C1E2AB97A0039B5C4 /* Resources */,
			);
			buildRules = (
			);
			dependencies = (
				A662A9701E2AB97A0039B5C4 /* PBXTargetDependency */,
			);
			name = "XMR TickerUITests";
			productName = "XMR TickerUITests";
			productReference = A662A96E1E2AB97A0039B5C4 /* XMR TickerUITests.xctest */;
			productType = "com.apple.product-type.bundle.ui-testing";
		};
/* End PBXNativeTarget section */

/* Begin PBXProject section */
		A662A94C1E2AB9790039B5C4 /* Project object */ = {
			isa = PBXProject;
			attributes = {
				LastSwiftUpdateCheck = 0820;
				LastUpgradeCheck = 0820;
				ORGANIZATIONNAME = "John Woods";
				TargetAttributes = {
					A662A9531E2AB9790039B5C4 = {
						CreatedOnToolsVersion = 8.2.1;
						DevelopmentTeam = TW23A3H2PR;
						ProvisioningStyle = Automatic;
					};
					A662A9621E2AB97A0039B5C4 = {
						CreatedOnToolsVersion = 8.2.1;
						DevelopmentTeam = TW23A3H2PR;
						ProvisioningStyle = Automatic;
						TestTargetID = A662A9531E2AB9790039B5C4;
					};
					A662A96D1E2AB97A0039B5C4 = {
						CreatedOnToolsVersion = 8.2.1;
						DevelopmentTeam = TW23A3H2PR;
						ProvisioningStyle = Automatic;
						TestTargetID = A662A9531E2AB9790039B5C4;
					};
				};
			};
			buildConfigurationList = A662A94F1E2AB9790039B5C4 /* Build configuration list for PBXProject "XMR Ticker" */;
			compatibilityVersion = "Xcode 3.2";
			developmentRegion = English;
			hasScannedForEncodings = 0;
			knownRegions = (
				en,
				Base,
			);
			mainGroup = A662A94B1E2AB9790039B5C4;
			productRefGroup = A662A9551E2AB9790039B5C4 /* Products */;
			projectDirPath = "";
			projectRoot = "";
			targets = (
				A662A9531E2AB9790039B5C4 /* XMR Ticker */,
				A662A9621E2AB97A0039B5C4 /* XMR TickerTests */,
				A662A96D1E2AB97A0039B5C4 /* XMR TickerUITests */,
			);
		};
/* End PBXProject section */

/* Begin PBXResourcesBuildPhase section */
		A662A9521E2AB9790039B5C4 /* Resources */ = {
			isa = PBXResourcesBuildPhase;
			buildActionMask = 2147483647;
			files = (
				A662A95A1E2AB9790039B5C4 /* Assets.xcassets in Resources */,
				A6FCA4831E2CAB6500F0E27B /* iconfile.icns in Resources */,
				A662A95D1E2AB9790039B5C4 /* MainMenu.xib in Resources */,
				A609E7411E33E68E00E193DA /* TriggerViewController.xib in Resources */,
				A6FEEE4D1E2BB04E00A34716 /* TipViewController.xib in Resources */,
			);
			runOnlyForDeploymentPostprocessing = 0;
		};
		A662A9611E2AB97A0039B5C4 /* Resources */ = {
			isa = PBXResourcesBuildPhase;
			buildActionMask = 2147483647;
			files = (
			);
			runOnlyForDeploymentPostprocessing = 0;
		};
		A662A96C1E2AB97A0039B5C4 /* Resources */ = {
			isa = PBXResourcesBuildPhase;
			buildActionMask = 2147483647;
			files = (
			);
			runOnlyForDeploymentPostprocessing = 0;
		};
/* End PBXResourcesBuildPhase section */

/* Begin PBXSourcesBuildPhase section */
		A662A9501E2AB9790039B5C4 /* Sources */ = {
			isa = PBXSourcesBuildPhase;
			buildActionMask = 2147483647;
			files = (
				A662A9821E2ACEA20039B5C4 /* Quote.swift in Sources */,
				A609E7401E33E68E00E193DA /* TriggerViewController.swift in Sources */,
				A662A9831E2ACEA20039B5C4 /* PriceStreamer.swift in Sources */,
				A6FEEE4C1E2BB04E00A34716 /* TipViewController.swift in Sources */,
				A609E73D1E33E45300E193DA /* Trigger.swift in Sources */,
				A662A9581E2AB9790039B5C4 /* AppDelegate.swift in Sources */,
			);
			runOnlyForDeploymentPostprocessing = 0;
		};
		A662A95F1E2AB97A0039B5C4 /* Sources */ = {
			isa = PBXSourcesBuildPhase;
			buildActionMask = 2147483647;
			files = (
				A662A9681E2AB97A0039B5C4 /* XMR_TickerTests.swift in Sources */,
			);
			runOnlyForDeploymentPostprocessing = 0;
		};
		A662A96A1E2AB97A0039B5C4 /* Sources */ = {
			isa = PBXSourcesBuildPhase;
			buildActionMask = 2147483647;
			files = (
				A662A9731E2AB97A0039B5C4 /* XMR_TickerUITests.swift in Sources */,
			);
			runOnlyForDeploymentPostprocessing = 0;
		};
/* End PBXSourcesBuildPhase section */

/* Begin PBXTargetDependency section */
		A662A9651E2AB97A0039B5C4 /* PBXTargetDependency */ = {
			isa = PBXTargetDependency;
			target = A662A9531E2AB9790039B5C4 /* XMR Ticker */;
			targetProxy = A662A9641E2AB97A0039B5C4 /* PBXContainerItemProxy */;
		};
		A662A9701E2AB97A0039B5C4 /* PBXTargetDependency */ = {
			isa = PBXTargetDependency;
			target = A662A9531E2AB9790039B5C4 /* XMR Ticker */;
			targetProxy = A662A96F1E2AB97A0039B5C4 /* PBXContainerItemProxy */;
		};
/* End PBXTargetDependency section */

/* Begin PBXVariantGroup section */
		A662A95B1E2AB9790039B5C4 /* MainMenu.xib */ = {
			isa = PBXVariantGroup;
			children = (
				A662A95C1E2AB9790039B5C4 /* Base */,
			);
			name = MainMenu.xib;
			sourceTree = "<group>";
		};
/* End PBXVariantGroup section */

/* Begin XCBuildConfiguration section */
		A662A9751E2AB97A0039B5C4 /* Debug */ = {
			isa = XCBuildConfiguration;
			buildSettings = {
				ALWAYS_SEARCH_USER_PATHS = NO;
				CLANG_ANALYZER_NONNULL = YES;
				CLANG_CXX_LANGUAGE_STANDARD = "gnu++0x";
				CLANG_CXX_LIBRARY = "libc++";
				CLANG_ENABLE_MODULES = YES;
				CLANG_ENABLE_OBJC_ARC = YES;
				CLANG_WARN_BOOL_CONVERSION = YES;
				CLANG_WARN_CONSTANT_CONVERSION = YES;
				CLANG_WARN_DIRECT_OBJC_ISA_USAGE = YES_ERROR;
				CLANG_WARN_DOCUMENTATION_COMMENTS = YES;
				CLANG_WARN_EMPTY_BODY = YES;
				CLANG_WARN_ENUM_CONVERSION = YES;
				CLANG_WARN_INFINITE_RECURSION = YES;
				CLANG_WARN_INT_CONVERSION = YES;
				CLANG_WARN_OBJC_ROOT_CLASS = YES_ERROR;
				CLANG_WARN_SUSPICIOUS_MOVE = YES;
				CLANG_WARN_UNREACHABLE_CODE = YES;
				CLANG_WARN__DUPLICATE_METHOD_MATCH = YES;
				CODE_SIGN_IDENTITY = "-";
				COPY_PHASE_STRIP = NO;
				DEBUG_INFORMATION_FORMAT = dwarf;
				ENABLE_STRICT_OBJC_MSGSEND = YES;
				ENABLE_TESTABILITY = YES;
				GCC_C_LANGUAGE_STANDARD = gnu99;
				GCC_DYNAMIC_NO_PIC = NO;
				GCC_NO_COMMON_BLOCKS = YES;
				GCC_OPTIMIZATION_LEVEL = 0;
				GCC_PREPROCESSOR_DEFINITIONS = (
					"DEBUG=1",
					"$(inherited)",
				);
				GCC_WARN_64_TO_32_BIT_CONVERSION = YES;
				GCC_WARN_ABOUT_RETURN_TYPE = YES_ERROR;
				GCC_WARN_UNDECLARED_SELECTOR = YES;
				GCC_WARN_UNINITIALIZED_AUTOS = YES_AGGRESSIVE;
				GCC_WARN_UNUSED_FUNCTION = YES;
				GCC_WARN_UNUSED_VARIABLE = YES;
				MACOSX_DEPLOYMENT_TARGET = 10.11;
				MTL_ENABLE_DEBUG_INFO = YES;
				ONLY_ACTIVE_ARCH = YES;
				SDKROOT = macosx;
				SWIFT_ACTIVE_COMPILATION_CONDITIONS = DEBUG;
				SWIFT_OPTIMIZATION_LEVEL = "-Onone";
			};
			name = Debug;
		};
		A662A9761E2AB97A0039B5C4 /* Release */ = {
			isa = XCBuildConfiguration;
			buildSettings = {
				ALWAYS_SEARCH_USER_PATHS = NO;
				CLANG_ANALYZER_NONNULL = YES;
				CLANG_CXX_LANGUAGE_STANDARD = "gnu++0x";
				CLANG_CXX_LIBRARY = "libc++";
				CLANG_ENABLE_MODULES = YES;
				CLANG_ENABLE_OBJC_ARC = YES;
				CLANG_WARN_BOOL_CONVERSION = YES;
				CLANG_WARN_CONSTANT_CONVERSION = YES;
				CLANG_WARN_DIRECT_OBJC_ISA_USAGE = YES_ERROR;
				CLANG_WARN_DOCUMENTATION_COMMENTS = YES;
				CLANG_WARN_EMPTY_BODY = YES;
				CLANG_WARN_ENUM_CONVERSION = YES;
				CLANG_WARN_INFINITE_RECURSION = YES;
				CLANG_WARN_INT_CONVERSION = YES;
				CLANG_WARN_OBJC_ROOT_CLASS = YES_ERROR;
				CLANG_WARN_SUSPICIOUS_MOVE = YES;
				CLANG_WARN_UNREACHABLE_CODE = YES;
				CLANG_WARN__DUPLICATE_METHOD_MATCH = YES;
				CODE_SIGN_IDENTITY = "-";
				COPY_PHASE_STRIP = NO;
				DEBUG_INFORMATION_FORMAT = "dwarf-with-dsym";
				ENABLE_NS_ASSERTIONS = NO;
				ENABLE_STRICT_OBJC_MSGSEND = YES;
				GCC_C_LANGUAGE_STANDARD = gnu99;
				GCC_NO_COMMON_BLOCKS = YES;
				GCC_WARN_64_TO_32_BIT_CONVERSION = YES;
				GCC_WARN_ABOUT_RETURN_TYPE = YES_ERROR;
				GCC_WARN_UNDECLARED_SELECTOR = YES;
				GCC_WARN_UNINITIALIZED_AUTOS = YES_AGGRESSIVE;
				GCC_WARN_UNUSED_FUNCTION = YES;
				GCC_WARN_UNUSED_VARIABLE = YES;
				MACOSX_DEPLOYMENT_TARGET = 10.11;
				MTL_ENABLE_DEBUG_INFO = NO;
				SDKROOT = macosx;
				SWIFT_OPTIMIZATION_LEVEL = "-Owholemodule";
			};
			name = Release;
		};
		A662A9781E2AB97A0039B5C4 /* Debug */ = {
			isa = XCBuildConfiguration;
			buildSettings = {
				ASSETCATALOG_COMPILER_APPICON_NAME = AppIcon;
				COMBINE_HIDPI_IMAGES = YES;
				DEVELOPMENT_TEAM = TW23A3H2PR;
				INFOPLIST_FILE = "XMR Ticker/Info.plist";
				LD_RUNPATH_SEARCH_PATHS = "$(inherited) @executable_path/../Frameworks";
				MACOSX_DEPLOYMENT_TARGET = 10.10;
				PRODUCT_BUNDLE_IDENTIFIER = "com.woods.cryptoProjects.XMR-Ticker";
				PRODUCT_NAME = "$(TARGET_NAME)";
				SWIFT_VERSION = 3.0;
			};
			name = Debug;
		};
		A662A9791E2AB97A0039B5C4 /* Release */ = {
			isa = XCBuildConfiguration;
			buildSettings = {
				ASSETCATALOG_COMPILER_APPICON_NAME = AppIcon;
				COMBINE_HIDPI_IMAGES = YES;
				DEVELOPMENT_TEAM = TW23A3H2PR;
				INFOPLIST_FILE = "XMR Ticker/Info.plist";
				LD_RUNPATH_SEARCH_PATHS = "$(inherited) @executable_path/../Frameworks";
				MACOSX_DEPLOYMENT_TARGET = 10.10;
				PRODUCT_BUNDLE_IDENTIFIER = "com.woods.cryptoProjects.XMR-Ticker";
				PRODUCT_NAME = "$(TARGET_NAME)";
				SWIFT_VERSION = 3.0;
			};
			name = Release;
		};
		A662A97B1E2AB97A0039B5C4 /* Debug */ = {
			isa = XCBuildConfiguration;
			buildSettings = {
				ALWAYS_EMBED_SWIFT_STANDARD_LIBRARIES = YES;
				BUNDLE_LOADER = "$(TEST_HOST)";
				COMBINE_HIDPI_IMAGES = YES;
				DEVELOPMENT_TEAM = TW23A3H2PR;
				INFOPLIST_FILE = "XMR TickerTests/Info.plist";
				LD_RUNPATH_SEARCH_PATHS = "$(inherited) @executable_path/../Frameworks @loader_path/../Frameworks";
				PRODUCT_BUNDLE_IDENTIFIER = "com.woods.cryptoProjects.XMR-TickerTests";
				PRODUCT_NAME = "$(TARGET_NAME)";
				SWIFT_VERSION = 3.0;
				TEST_HOST = "$(BUILT_PRODUCTS_DIR)/XMR Ticker.app/Contents/MacOS/XMR Ticker";
			};
			name = Debug;
		};
		A662A97C1E2AB97A0039B5C4 /* Release */ = {
			isa = XCBuildConfiguration;
			buildSettings = {
				ALWAYS_EMBED_SWIFT_STANDARD_LIBRARIES = YES;
				BUNDLE_LOADER = "$(TEST_HOST)";
				COMBINE_HIDPI_IMAGES = YES;
				DEVELOPMENT_TEAM = TW23A3H2PR;
				INFOPLIST_FILE = "XMR TickerTests/Info.plist";
				LD_RUNPATH_SEARCH_PATHS = "$(inherited) @executable_path/../Frameworks @loader_path/../Frameworks";
				PRODUCT_BUNDLE_IDENTIFIER = "com.woods.cryptoProjects.XMR-TickerTests";
				PRODUCT_NAME = "$(TARGET_NAME)";
				SWIFT_VERSION = 3.0;
				TEST_HOST = "$(BUILT_PRODUCTS_DIR)/XMR Ticker.app/Contents/MacOS/XMR Ticker";
			};
			name = Release;
		};
		A662A97E1E2AB97A0039B5C4 /* Debug */ = {
			isa = XCBuildConfiguration;
			buildSettings = {
				ALWAYS_EMBED_SWIFT_STANDARD_LIBRARIES = YES;
				COMBINE_HIDPI_IMAGES = YES;
				DEVELOPMENT_TEAM = TW23A3H2PR;
				INFOPLIST_FILE = "XMR TickerUITests/Info.plist";
				LD_RUNPATH_SEARCH_PATHS = "$(inherited) @executable_path/../Frameworks @loader_path/../Frameworks";
				PRODUCT_BUNDLE_IDENTIFIER = "com.woods.cryptoProjects.XMR-TickerUITests";
				PRODUCT_NAME = "$(TARGET_NAME)";
				SWIFT_VERSION = 3.0;
				TEST_TARGET_NAME = "XMR Ticker";
			};
			name = Debug;
		};
		A662A97F1E2AB97A0039B5C4 /* Release */ = {
			isa = XCBuildConfiguration;
			buildSettings = {
				ALWAYS_EMBED_SWIFT_STANDARD_LIBRARIES = YES;
				COMBINE_HIDPI_IMAGES = YES;
				DEVELOPMENT_TEAM = TW23A3H2PR;
				INFOPLIST_FILE = "XMR TickerUITests/Info.plist";
				LD_RUNPATH_SEARCH_PATHS = "$(inherited) @executable_path/../Frameworks @loader_path/../Frameworks";
				PRODUCT_BUNDLE_IDENTIFIER = "com.woods.cryptoProjects.XMR-TickerUITests";
				PRODUCT_NAME = "$(TARGET_NAME)";
				SWIFT_VERSION = 3.0;
				TEST_TARGET_NAME = "XMR Ticker";
			};
			name = Release;
		};
/* End XCBuildConfiguration section */

/* Begin XCConfigurationList section */
		A662A94F1E2AB9790039B5C4 /* Build configuration list for PBXProject "XMR Ticker" */ = {
			isa = XCConfigurationList;
			buildConfigurations = (
				A662A9751E2AB97A0039B5C4 /* Debug */,
				A662A9761E2AB97A0039B5C4 /* Release */,
			);
			defaultConfigurationIsVisible = 0;
			defaultConfigurationName = Release;
		};
		A662A9771E2AB97A0039B5C4 /* Build configuration list for PBXNativeTarget "XMR Ticker" */ = {
			isa = XCConfigurationList;
			buildConfigurations = (
				A662A9781E2AB97A0039B5C4 /* Debug */,
				A662A9791E2AB97A0039B5C4 /* Release */,
			);
			defaultConfigurationIsVisible = 0;
			defaultConfigurationName = Release;
		};
		A662A97A1E2AB97A0039B5C4 /* Build configuration list for PBXNativeTarget "XMR TickerTests" */ = {
			isa = XCConfigurationList;
			buildConfigurations = (
				A662A97B1E2AB97A0039B5C4 /* Debug */,
				A662A97C1E2AB97A0039B5C4 /* Release */,
			);
			defaultConfigurationIsVisible = 0;
			defaultConfigurationName = Release;
		};
		A662A97D1E2AB97A0039B5C4 /* Build configuration list for PBXNativeTarget "XMR TickerUITests" */ = {
			isa = XCConfigurationList;
			buildConfigurations = (
				A662A97E1E2AB97A0039B5C4 /* Debug */,
				A662A97F1E2AB97A0039B5C4 /* Release */,
			);
			defaultConfigurationIsVisible = 0;
			defaultConfigurationName = Release;
		};
/* End XCConfigurationList section */
	};
	rootObject = A662A94C1E2AB9790039B5C4 /* Project object */;
}
